
Microsoft Visual Studio Solution File, Format Version 12.00
# Visual Studio Version 17
VisualStudioVersion = 17.0.31912.275
MinimumVisualStudioVersion = 10.0.40219.1
Project("{FAE04EC0-301F-11D3-BF4B-00C04F79EFBC}") = "CrudApp", "CrudApp\CrudApp.csproj", "{CFE70924-2832-4878-89AC-8A3342970470}"
EndProject
Global
	GlobalSection(SolutionConfigurationPlatforms) = preSolution
		Debug|Any CPU = Debug|Any CPU
		Release|Any CPU = Release|Any CPU
	EndGlobalSection
	GlobalSection(ProjectConfigurationPlatforms) = postSolution
		{CFE70924-2832-4878-89AC-8A3342970470}.Debug|Any CPU.ActiveCfg = Debug|Any CPU
		{CFE70924-2832-4878-89AC-8A3342970470}.Debug|Any CPU.Build.0 = Debug|Any CPU
		{CFE70924-2832-4878-89AC-8A3342970470}.Release|Any CPU.ActiveCfg = Release|Any CPU
		{CFE70924-2832-4878-89AC-8A3342970470}.Release|Any CPU.Build.0 = Release|Any CPU
	EndGlobalSection
	GlobalSection(SolutionProperties) = preSolution
		HideSolutionNode = FALSE
	EndGlobalSection
	GlobalSection(ExtensibilityGlobals) = postSolution
		SolutionGuid = {586F0C4C-E8E7-4A7B-86A2-0EB60E478B2D}
	EndGlobalSection
EndGlobal
